
Microsoft Visual Studio Solution File, Format Version 12.00
# Visual Studio 14
VisualStudioVersion = 14.0.25420.1
MinimumVisualStudioVersion = 10.0.40219.1
Project("{FAE04EC0-301F-11D3-BF4B-00C04F79EFBC}") = "Payu-inter", "Payu-inter\Payu-inter.csproj", "{45C6876E-E1CD-40AB-86F9-800D2E674E22}"
EndProject
Global
	GlobalSection(SolutionConfigurationPlatforms) = preSolution
		Debug|Any CPU = Debug|Any CPU
		Release|Any CPU = Release|Any CPU
	EndGlobalSection
	GlobalSection(ProjectConfigurationPlatforms) = postSolution
		{45C6876E-E1CD-40AB-86F9-800D2E674E22}.Debug|Any CPU.ActiveCfg = Debug|Any CPU
		{45C6876E-E1CD-40AB-86F9-800D2E674E22}.Debug|Any CPU.Build.0 = Debug|Any CPU
		{45C6876E-E1CD-40AB-86F9-800D2E674E22}.Release|Any CPU.ActiveCfg = Release|Any CPU
		{45C6876E-E1CD-40AB-86F9-800D2E674E22}.Release|Any CPU.Build.0 = Release|Any CPU
	EndGlobalSection
	GlobalSection(SolutionProperties) = preSolution
		HideSolutionNode = FALSE
	EndGlobalSection
EndGlobal
